
Microsoft Visual Studio Solution File, Format Version 12.00
# Visual Studio Version 16
VisualStudioVersion = 16.0.28803.156
MinimumVisualStudioVersion = 10.0.40219.1
Project("{FAE04EC0-301F-11D3-BF4B-00C04F79EFBC}") = "OpenWG.Utils", "OpenWG.Utils\OpenWG.Utils.csproj", "{BB5E305A-D203-4193-BE52-6032E78AF175}"
EndProject
Project("{FAE04EC0-301F-11D3-BF4B-00C04F79EFBC}") = "OpenWG.Utils.Tests", "OpenWG.Utils.Tests\OpenWG.Utils.Tests.csproj", "{FFAB2DB7-C6AD-46E6-B142-AC3AA848556C}"
EndProject
Global
	GlobalSection(SolutionConfigurationPlatforms) = preSolution
		Debug|Any CPU = Debug|Any CPU
		Release|Any CPU = Release|Any CPU
	EndGlobalSection
	GlobalSection(ProjectConfigurationPlatforms) = postSolution
		{BB5E305A-D203-4193-BE52-6032E78AF175}.Debug|Any CPU.ActiveCfg = Debug|Any CPU
		{BB5E305A-D203-4193-BE52-6032E78AF175}.Debug|Any CPU.Build.0 = Debug|Any CPU
		{BB5E305A-D203-4193-BE52-6032E78AF175}.Release|Any CPU.ActiveCfg = Release|Any CPU
		{BB5E305A-D203-4193-BE52-6032E78AF175}.Release|Any CPU.Build.0 = Release|Any CPU
		{FFAB2DB7-C6AD-46E6-B142-AC3AA848556C}.Debug|Any CPU.ActiveCfg = Debug|Any CPU
		{FFAB2DB7-C6AD-46E6-B142-AC3AA848556C}.Debug|Any CPU.Build.0 = Debug|Any CPU
		{FFAB2DB7-C6AD-46E6-B142-AC3AA848556C}.Release|Any CPU.ActiveCfg = Release|Any CPU
		{FFAB2DB7-C6AD-46E6-B142-AC3AA848556C}.Release|Any CPU.Build.0 = Release|Any CPU
	EndGlobalSection
	GlobalSection(SolutionProperties) = preSolution
		HideSolutionNode = FALSE
	EndGlobalSection
	GlobalSection(ExtensibilityGlobals) = postSolution
		SolutionGuid = {7341E51A-8231-460B-83F8-C47122F943D8}
	EndGlobalSection
EndGlobal
