
Microsoft Visual Studio Solution File, Format Version 12.00
# Visual Studio Version 16
VisualStudioVersion = 16.0.28803.156
MinimumVisualStudioVersion = 10.0.40219.1
Project("{FAE04EC0-301F-11D3-BF4B-00C04F79EFBC}") = "XVM.Extensions.NET40", "XVM.Extensions.NET40\XVM.Extensions.NET40.csproj", "{1E8F5F78-C6CF-4970-86F1-E86A6C8E6B49}"
EndProject
Project("{FAE04EC0-301F-11D3-BF4B-00C04F79EFBC}") = "XVM.Extensions.NET452.Tests.x64", "XVM.Extensions.NET452.Tests.x64\XVM.Extensions.NET452.Tests.x64.csproj", "{F051BD4A-5885-4025-B1C3-17B0F15F301F}"
EndProject
Project("{FAE04EC0-301F-11D3-BF4B-00C04F79EFBC}") = "XVM.Extensions.NET452.Tests.x86", "XVM.Extensions.NET452.Tests.x86\XVM.Extensions.NET452.Tests.x86.csproj", "{EB1F1660-2AD0-407B-B567-5726FAB3B4DE}"
EndProject
Project("{FAE04EC0-301F-11D3-BF4B-00C04F79EFBC}") = "XVM.Extensions.NET45", "XVM.Extensions.NET45\XVM.Extensions.NET45.csproj", "{71645EE6-EB0A-4BF9-B57E-2E8974982A95}"
EndProject
Global
	GlobalSection(SolutionConfigurationPlatforms) = preSolution
		Debug|Any CPU = Debug|Any CPU
	EndGlobalSection
	GlobalSection(ProjectConfigurationPlatforms) = postSolution
		{1E8F5F78-C6CF-4970-86F1-E86A6C8E6B49}.Debug|Any CPU.ActiveCfg = Debug|Any CPU
		{1E8F5F78-C6CF-4970-86F1-E86A6C8E6B49}.Debug|Any CPU.Build.0 = Debug|Any CPU
		{F051BD4A-5885-4025-B1C3-17B0F15F301F}.Debug|Any CPU.ActiveCfg = Debug|x64
		{F051BD4A-5885-4025-B1C3-17B0F15F301F}.Debug|Any CPU.Build.0 = Debug|x64
		{EB1F1660-2AD0-407B-B567-5726FAB3B4DE}.Debug|Any CPU.ActiveCfg = Debug|x86
		{EB1F1660-2AD0-407B-B567-5726FAB3B4DE}.Debug|Any CPU.Build.0 = Debug|x86
		{71645EE6-EB0A-4BF9-B57E-2E8974982A95}.Debug|Any CPU.ActiveCfg = Debug|Any CPU
		{71645EE6-EB0A-4BF9-B57E-2E8974982A95}.Debug|Any CPU.Build.0 = Debug|Any CPU
	EndGlobalSection
	GlobalSection(SolutionProperties) = preSolution
		HideSolutionNode = FALSE
	EndGlobalSection
	GlobalSection(ExtensibilityGlobals) = postSolution
		SolutionGuid = {7341E51A-8231-460B-83F8-C47122F943D8}
	EndGlobalSection
EndGlobal
