
Microsoft Visual Studio Solution File, Format Version 12.00
# Visual Studio 15
VisualStudioVersion = 15.0.28307.438
MinimumVisualStudioVersion = 10.0.40219.1
Project("{FAE04EC0-301F-11D3-BF4B-00C04F79EFBC}") = "XVM.Extensions.NET47", "XVM.Extensions.NET47\XVM.Extensions.NET47.csproj", "{1E8F5F78-C6CF-4970-86F1-E86A6C8E6B49}"
EndProject
Project("{FAE04EC0-301F-11D3-BF4B-00C04F79EFBC}") = "XVM.Extensions.NET47.Tests.x86", "XVM.Extensions.NET47.Tests.x86\XVM.Extensions.NET47.Tests.x86.csproj", "{EB1F1660-2AD0-407B-B567-5726FAB3B4DE}"
EndProject
Project("{FAE04EC0-301F-11D3-BF4B-00C04F79EFBC}") = "XVM.Extensions.NET47.Tests.x64", "XVM.Extensions.NET47.Tests.x64\XVM.Extensions.NET47.Tests.x64.csproj", "{F051BD4A-5885-4025-B1C3-17B0F15F301F}"
EndProject
Global
	GlobalSection(SolutionConfigurationPlatforms) = preSolution
		Debug|Any CPU = Debug|Any CPU
		Release|Any CPU = Release|Any CPU
	EndGlobalSection
	GlobalSection(ProjectConfigurationPlatforms) = postSolution
		{1E8F5F78-C6CF-4970-86F1-E86A6C8E6B49}.Debug|Any CPU.ActiveCfg = Debug|Any CPU
		{1E8F5F78-C6CF-4970-86F1-E86A6C8E6B49}.Debug|Any CPU.Build.0 = Debug|Any CPU
		{1E8F5F78-C6CF-4970-86F1-E86A6C8E6B49}.Release|Any CPU.ActiveCfg = Release|Any CPU
		{1E8F5F78-C6CF-4970-86F1-E86A6C8E6B49}.Release|Any CPU.Build.0 = Release|Any CPU
		{EB1F1660-2AD0-407B-B567-5726FAB3B4DE}.Debug|Any CPU.ActiveCfg = Debug|x86
		{EB1F1660-2AD0-407B-B567-5726FAB3B4DE}.Debug|Any CPU.Build.0 = Debug|x86
		{EB1F1660-2AD0-407B-B567-5726FAB3B4DE}.Release|Any CPU.ActiveCfg = Release|x86
		{F051BD4A-5885-4025-B1C3-17B0F15F301F}.Debug|Any CPU.ActiveCfg = Debug|x64
		{F051BD4A-5885-4025-B1C3-17B0F15F301F}.Debug|Any CPU.Build.0 = Debug|x64
		{F051BD4A-5885-4025-B1C3-17B0F15F301F}.Release|Any CPU.ActiveCfg = Release|x64
	EndGlobalSection
	GlobalSection(SolutionProperties) = preSolution
		HideSolutionNode = FALSE
	EndGlobalSection
	GlobalSection(ExtensibilityGlobals) = postSolution
		SolutionGuid = {7341E51A-8231-460B-83F8-C47122F943D8}
	EndGlobalSection
EndGlobal
